
Microsoft Visual Studio Solution File, Format Version 12.00
# Visual Studio Version 17
VisualStudioVersion = 17.2.32630.192
MinimumVisualStudioVersion = 10.0.40219.1
Project("{FAE04EC0-301F-11D3-BF4B-00C04F79EFBC}") = "Problem", "Problem\Problem.csproj", "{4DD261A3-F9C3-4884-9694-BFF695187EE3}"
EndProject
Global
	GlobalSection(SolutionConfigurationPlatforms) = preSolution
		Debug|Any CPU = Debug|Any CPU
		Release|Any CPU = Release|Any CPU
	EndGlobalSection
	GlobalSection(ProjectConfigurationPlatforms) = postSolution
		{4DD261A3-F9C3-4884-9694-BFF695187EE3}.Debug|Any CPU.ActiveCfg = Debug|Any CPU
		{4DD261A3-F9C3-4884-9694-BFF695187EE3}.Debug|Any CPU.Build.0 = Debug|Any CPU
		{4DD261A3-F9C3-4884-9694-BFF695187EE3}.Release|Any CPU.ActiveCfg = Release|Any CPU
		{4DD261A3-F9C3-4884-9694-BFF695187EE3}.Release|Any CPU.Build.0 = Release|Any CPU
	EndGlobalSection
	GlobalSection(SolutionProperties) = preSolution
		HideSolutionNode = FALSE
	EndGlobalSection
	GlobalSection(ExtensibilityGlobals) = postSolution
		SolutionGuid = {CEBEFF05-D11A-457E-B543-6F0B07E6E630}
	EndGlobalSection
EndGlobal
