
Microsoft Visual Studio Solution File, Format Version 12.00
# Visual Studio Version 17
VisualStudioVersion = 17.2.32526.322
MinimumVisualStudioVersion = 10.0.40219.1
Project("{FAE04EC0-301F-11D3-BF4B-00C04F79EFBC}") = "1.2 ADO NET - Exercise", "1.2 ADO NET - Exercise.csproj", "{A1759938-55D5-4B5D-898C-C868607ADD67}"
EndProject
Global
	GlobalSection(SolutionConfigurationPlatforms) = preSolution
		Debug|Any CPU = Debug|Any CPU
		Release|Any CPU = Release|Any CPU
	EndGlobalSection
	GlobalSection(ProjectConfigurationPlatforms) = postSolution
		{A1759938-55D5-4B5D-898C-C868607ADD67}.Debug|Any CPU.ActiveCfg = Debug|Any CPU
		{A1759938-55D5-4B5D-898C-C868607ADD67}.Debug|Any CPU.Build.0 = Debug|Any CPU
		{A1759938-55D5-4B5D-898C-C868607ADD67}.Release|Any CPU.ActiveCfg = Release|Any CPU
		{A1759938-55D5-4B5D-898C-C868607ADD67}.Release|Any CPU.Build.0 = Release|Any CPU
	EndGlobalSection
	GlobalSection(SolutionProperties) = preSolution
		HideSolutionNode = FALSE
	EndGlobalSection
	GlobalSection(ExtensibilityGlobals) = postSolution
		SolutionGuid = {82D6C102-37D2-4AB0-A588-1D10C5044CC9}
	EndGlobalSection
EndGlobal
