
Microsoft Visual Studio Solution File, Format Version 12.00
# Visual Studio Version 17
VisualStudioVersion = 17.2.32526.322
MinimumVisualStudioVersion = 10.0.40219.1
Project("{FAE04EC0-301F-11D3-BF4B-00C04F79EFBC}") = "MyBlog", "MyBlog.csproj", "{4FE68619-6DE3-4CFC-A8DD-4453D1760A18}"
EndProject
Global
	GlobalSection(SolutionConfigurationPlatforms) = preSolution
		Debug|Any CPU = Debug|Any CPU
		Release|Any CPU = Release|Any CPU
	EndGlobalSection
	GlobalSection(ProjectConfigurationPlatforms) = postSolution
		{4FE68619-6DE3-4CFC-A8DD-4453D1760A18}.Debug|Any CPU.ActiveCfg = Debug|Any CPU
		{4FE68619-6DE3-4CFC-A8DD-4453D1760A18}.Debug|Any CPU.Build.0 = Debug|Any CPU
		{4FE68619-6DE3-4CFC-A8DD-4453D1760A18}.Release|Any CPU.ActiveCfg = Release|Any CPU
		{4FE68619-6DE3-4CFC-A8DD-4453D1760A18}.Release|Any CPU.Build.0 = Release|Any CPU
	EndGlobalSection
	GlobalSection(SolutionProperties) = preSolution
		HideSolutionNode = FALSE
	EndGlobalSection
	GlobalSection(ExtensibilityGlobals) = postSolution
		SolutionGuid = {F4ECA8DD-725D-4C80-88F2-DD4FE70CF191}
	EndGlobalSection
EndGlobal
