
Microsoft Visual Studio Solution File, Format Version 12.00
# Visual Studio Version 16
VisualStudioVersion = 16.0.31515.178
MinimumVisualStudioVersion = 10.0.40219.1
Project("{9A19103F-16F7-4668-BE54-9A1E7A4F7556}") = "01. Sort Even Numbers", "01. Sort Even Numbers\01. Sort Even Numbers.csproj", "{E1FABC5E-4DF9-42D7-AF2C-1ACC58320B07}"
EndProject
Project("{9A19103F-16F7-4668-BE54-9A1E7A4F7556}") = "02. Sum Numbers", "02. Sum Numbers\02. Sum Numbers.csproj", "{56D301A8-634C-469C-82D3-289E86C4BB62}"
EndProject
Project("{9A19103F-16F7-4668-BE54-9A1E7A4F7556}") = "03. Count Uppercase Words", "03. Count Uppercase Words\03. Count Uppercase Words.csproj", "{50B53173-6B0E-4D38-9C77-6023658CD38C}"
EndProject
Project("{9A19103F-16F7-4668-BE54-9A1E7A4F7556}") = "04. Add VAT", "04. Add VAT\04. Add VAT.csproj", "{FF2AFCB6-3738-4A32-835D-613204B5417C}"
EndProject
Project("{FAE04EC0-301F-11D3-BF4B-00C04F79EFBC}") = "05. Filter By Age", "05. Filter By Age\05. Filter By Age.csproj", "{E8A7C0A5-11A4-40F2-B9C1-10D7DA9FB28D}"
EndProject
Global
	GlobalSection(SolutionConfigurationPlatforms) = preSolution
		Debug|Any CPU = Debug|Any CPU
		Release|Any CPU = Release|Any CPU
	EndGlobalSection
	GlobalSection(ProjectConfigurationPlatforms) = postSolution
		{E1FABC5E-4DF9-42D7-AF2C-1ACC58320B07}.Debug|Any CPU.ActiveCfg = Debug|Any CPU
		{E1FABC5E-4DF9-42D7-AF2C-1ACC58320B07}.Debug|Any CPU.Build.0 = Debug|Any CPU
		{E1FABC5E-4DF9-42D7-AF2C-1ACC58320B07}.Release|Any CPU.ActiveCfg = Release|Any CPU
		{E1FABC5E-4DF9-42D7-AF2C-1ACC58320B07}.Release|Any CPU.Build.0 = Release|Any CPU
		{56D301A8-634C-469C-82D3-289E86C4BB62}.Debug|Any CPU.ActiveCfg = Debug|Any CPU
		{56D301A8-634C-469C-82D3-289E86C4BB62}.Debug|Any CPU.Build.0 = Debug|Any CPU
		{56D301A8-634C-469C-82D3-289E86C4BB62}.Release|Any CPU.ActiveCfg = Release|Any CPU
		{56D301A8-634C-469C-82D3-289E86C4BB62}.Release|Any CPU.Build.0 = Release|Any CPU
		{50B53173-6B0E-4D38-9C77-6023658CD38C}.Debug|Any CPU.ActiveCfg = Debug|Any CPU
		{50B53173-6B0E-4D38-9C77-6023658CD38C}.Debug|Any CPU.Build.0 = Debug|Any CPU
		{50B53173-6B0E-4D38-9C77-6023658CD38C}.Release|Any CPU.ActiveCfg = Release|Any CPU
		{50B53173-6B0E-4D38-9C77-6023658CD38C}.Release|Any CPU.Build.0 = Release|Any CPU
		{FF2AFCB6-3738-4A32-835D-613204B5417C}.Debug|Any CPU.ActiveCfg = Debug|Any CPU
		{FF2AFCB6-3738-4A32-835D-613204B5417C}.Debug|Any CPU.Build.0 = Debug|Any CPU
		{FF2AFCB6-3738-4A32-835D-613204B5417C}.Release|Any CPU.ActiveCfg = Release|Any CPU
		{FF2AFCB6-3738-4A32-835D-613204B5417C}.Release|Any CPU.Build.0 = Release|Any CPU
		{E8A7C0A5-11A4-40F2-B9C1-10D7DA9FB28D}.Debug|Any CPU.ActiveCfg = Debug|Any CPU
		{E8A7C0A5-11A4-40F2-B9C1-10D7DA9FB28D}.Debug|Any CPU.Build.0 = Debug|Any CPU
		{E8A7C0A5-11A4-40F2-B9C1-10D7DA9FB28D}.Release|Any CPU.ActiveCfg = Release|Any CPU
		{E8A7C0A5-11A4-40F2-B9C1-10D7DA9FB28D}.Release|Any CPU.Build.0 = Release|Any CPU
	EndGlobalSection
	GlobalSection(SolutionProperties) = preSolution
		HideSolutionNode = FALSE
	EndGlobalSection
	GlobalSection(ExtensibilityGlobals) = postSolution
		SolutionGuid = {36D2F189-CC3F-4B93-9E8B-1A082EE40B81}
	EndGlobalSection
EndGlobal
