
Microsoft Visual Studio Solution File, Format Version 12.00
# Visual Studio Version 17
VisualStudioVersion = 17.2.32616.157
MinimumVisualStudioVersion = 10.0.40219.1
Project("{9A19103F-16F7-4668-BE54-9A1E7A4F7556}") = "01. Dijkstra's Algorithm", "01. Dijkstra's Algorithm\01. Dijkstra's Algorithm.csproj", "{CF55CB5E-A3D3-47C3-B666-3ECB5A81D5C3}"
EndProject
Project("{9A19103F-16F7-4668-BE54-9A1E7A4F7556}") = "02. Kruskal's Algorithm", "02. Kruskal's Algorithm\02. Kruskal's Algorithm.csproj", "{F4AE2671-9158-4C6F-A6F0-844015B91B16}"
EndProject
Project("{9A19103F-16F7-4668-BE54-9A1E7A4F7556}") = "03. Prim's Algorithm", "03. Prim's Algorithm\03. Prim's Algorithm.csproj", "{D52CA304-3981-4E2F-8307-1BAC333F15B6}"
EndProject
Project("{9A19103F-16F7-4668-BE54-9A1E7A4F7556}") = "04. Bellman-Ford's Algorithm", "04. Bellman-Ford's Algorithm\04. Bellman-Ford's Algorithm.csproj", "{97E51533-D364-4765-9BF1-152D8B9C85B5}"
EndProject
Project("{9A19103F-16F7-4668-BE54-9A1E7A4F7556}") = "05. Longest path in DAG", "05. Longest path in DAG\05. Longest path in DAG.csproj", "{10764C45-87AE-470A-A15D-EB128D940C23}"
EndProject
Project("{9A19103F-16F7-4668-BE54-9A1E7A4F7556}") = "06. Most Reliable Path", "06. Most Reliable Path\06. Most Reliable Path.csproj", "{AFA0196C-4B2A-4225-AC54-45D00F5B0BCC}"
EndProject
Project("{9A19103F-16F7-4668-BE54-9A1E7A4F7556}") = "07. Cheap Town Tour", "07. Cheap Town Tour\07. Cheap Town Tour.csproj", "{D789C026-6411-4304-B3BC-EC7A3CFEDA62}"
EndProject
Project("{9A19103F-16F7-4668-BE54-9A1E7A4F7556}") = "08. Undefined", "08. Undefined\08. Undefined.csproj", "{60F2EF3D-C09F-48C8-83D2-A3A3E60384E2}"
EndProject
Project("{2150E333-8FDC-42A3-9474-1A3956D46DE8}") = "01.Dijkstra and MST", "01.Dijkstra and MST", "{6D2CCCB2-C1C6-422A-A119-71D0853C508E}"
EndProject
Project("{2150E333-8FDC-42A3-9474-1A3956D46DE8}") = "02.Graphs Bellman-Ford, Longest Path in (DAG)", "02.Graphs Bellman-Ford, Longest Path in (DAG)", "{7876A877-B527-4A48-A0AD-01E1C9B4F092}"
EndProject
Project("{2150E333-8FDC-42A3-9474-1A3956D46DE8}") = "03. Dijkstra, MST, Longest path in DAG and Bellman-Ford Exercises", "03. Dijkstra, MST, Longest path in DAG and Bellman-Ford Exercises", "{CD7A1DB9-94A7-4621-B211-36E357A86FE2}"
EndProject
Project("{9A19103F-16F7-4668-BE54-9A1E7A4F7556}") = "09. Big Trip", "09. Big Trip\09. Big Trip.csproj", "{649B47E5-46F1-4033-A513-598F2B4F2B0F}"
EndProject
Project("{FAE04EC0-301F-11D3-BF4B-00C04F79EFBC}") = "10. Cable Network", "05. Cable Network\10. Cable Network.csproj", "{845E8FFC-7D35-4C53-B83E-6CB9C5CF0D29}"
EndProject
Project("{2150E333-8FDC-42A3-9474-1A3956D46DE8}") = "04. Graphs Strongly Connected Components, Max Flow - Lab", "04. Graphs Strongly Connected Components, Max Flow - Lab", "{A121B2C9-4DE2-4DA4-A0D1-15C4A054F0F4}"
EndProject
Project("{9A19103F-16F7-4668-BE54-9A1E7A4F7556}") = "11. Strongly Connected Components", "11. Strongly Connected Components\11. Strongly Connected Components.csproj", "{6C2994EC-D736-4021-B2FD-C2C03FB11664}"
EndProject
Project("{9A19103F-16F7-4668-BE54-9A1E7A4F7556}") = "12. Max Flow", "12. Max Flow\12. Max Flow.csproj", "{0FB029FC-4B6F-4979-8999-087AF45AB0A0}"
EndProject
Project("{9A19103F-16F7-4668-BE54-9A1E7A4F7556}") = "13. Articulation Points", "13. Articulation Points\13. Articulation Points.csproj", "{0DE42766-D5C5-44FA-A05D-C3B43E07AEEB}"
EndProject
Project("{FAE04EC0-301F-11D3-BF4B-00C04F79EFBC}") = "14. Electrical Substation Network", "14. Electrical Substation Network\14. Electrical Substation Network.csproj", "{DBB4C996-8347-4C83-9385-A98D4907D92E}"
EndProject
Project("{FAE04EC0-301F-11D3-BF4B-00C04F79EFBC}") = "15. Maximum Tasks Assignment", "15. Maximum Tasks Assignment\15. Maximum Tasks Assignment.csproj", "{9B99B113-B4E4-4D38-8346-822E801FD964}"
EndProject
Global
	GlobalSection(SolutionConfigurationPlatforms) = preSolution
		Debug|Any CPU = Debug|Any CPU
		Release|Any CPU = Release|Any CPU
	EndGlobalSection
	GlobalSection(ProjectConfigurationPlatforms) = postSolution
		{CF55CB5E-A3D3-47C3-B666-3ECB5A81D5C3}.Debug|Any CPU.ActiveCfg = Debug|Any CPU
		{CF55CB5E-A3D3-47C3-B666-3ECB5A81D5C3}.Debug|Any CPU.Build.0 = Debug|Any CPU
		{CF55CB5E-A3D3-47C3-B666-3ECB5A81D5C3}.Release|Any CPU.ActiveCfg = Release|Any CPU
		{CF55CB5E-A3D3-47C3-B666-3ECB5A81D5C3}.Release|Any CPU.Build.0 = Release|Any CPU
		{F4AE2671-9158-4C6F-A6F0-844015B91B16}.Debug|Any CPU.ActiveCfg = Debug|Any CPU
		{F4AE2671-9158-4C6F-A6F0-844015B91B16}.Debug|Any CPU.Build.0 = Debug|Any CPU
		{F4AE2671-9158-4C6F-A6F0-844015B91B16}.Release|Any CPU.ActiveCfg = Release|Any CPU
		{F4AE2671-9158-4C6F-A6F0-844015B91B16}.Release|Any CPU.Build.0 = Release|Any CPU
		{D52CA304-3981-4E2F-8307-1BAC333F15B6}.Debug|Any CPU.ActiveCfg = Debug|Any CPU
		{D52CA304-3981-4E2F-8307-1BAC333F15B6}.Debug|Any CPU.Build.0 = Debug|Any CPU
		{D52CA304-3981-4E2F-8307-1BAC333F15B6}.Release|Any CPU.ActiveCfg = Release|Any CPU
		{D52CA304-3981-4E2F-8307-1BAC333F15B6}.Release|Any CPU.Build.0 = Release|Any CPU
		{97E51533-D364-4765-9BF1-152D8B9C85B5}.Debug|Any CPU.ActiveCfg = Debug|Any CPU
		{97E51533-D364-4765-9BF1-152D8B9C85B5}.Debug|Any CPU.Build.0 = Debug|Any CPU
		{97E51533-D364-4765-9BF1-152D8B9C85B5}.Release|Any CPU.ActiveCfg = Release|Any CPU
		{97E51533-D364-4765-9BF1-152D8B9C85B5}.Release|Any CPU.Build.0 = Release|Any CPU
		{10764C45-87AE-470A-A15D-EB128D940C23}.Debug|Any CPU.ActiveCfg = Debug|Any CPU
		{10764C45-87AE-470A-A15D-EB128D940C23}.Debug|Any CPU.Build.0 = Debug|Any CPU
		{10764C45-87AE-470A-A15D-EB128D940C23}.Release|Any CPU.ActiveCfg = Release|Any CPU
		{10764C45-87AE-470A-A15D-EB128D940C23}.Release|Any CPU.Build.0 = Release|Any CPU
		{AFA0196C-4B2A-4225-AC54-45D00F5B0BCC}.Debug|Any CPU.ActiveCfg = Debug|Any CPU
		{AFA0196C-4B2A-4225-AC54-45D00F5B0BCC}.Debug|Any CPU.Build.0 = Debug|Any CPU
		{AFA0196C-4B2A-4225-AC54-45D00F5B0BCC}.Release|Any CPU.ActiveCfg = Release|Any CPU
		{AFA0196C-4B2A-4225-AC54-45D00F5B0BCC}.Release|Any CPU.Build.0 = Release|Any CPU
		{D789C026-6411-4304-B3BC-EC7A3CFEDA62}.Debug|Any CPU.ActiveCfg = Debug|Any CPU
		{D789C026-6411-4304-B3BC-EC7A3CFEDA62}.Debug|Any CPU.Build.0 = Debug|Any CPU
		{D789C026-6411-4304-B3BC-EC7A3CFEDA62}.Release|Any CPU.ActiveCfg = Release|Any CPU
		{D789C026-6411-4304-B3BC-EC7A3CFEDA62}.Release|Any CPU.Build.0 = Release|Any CPU
		{60F2EF3D-C09F-48C8-83D2-A3A3E60384E2}.Debug|Any CPU.ActiveCfg = Debug|Any CPU
		{60F2EF3D-C09F-48C8-83D2-A3A3E60384E2}.Debug|Any CPU.Build.0 = Debug|Any CPU
		{60F2EF3D-C09F-48C8-83D2-A3A3E60384E2}.Release|Any CPU.ActiveCfg = Release|Any CPU
		{60F2EF3D-C09F-48C8-83D2-A3A3E60384E2}.Release|Any CPU.Build.0 = Release|Any CPU
		{649B47E5-46F1-4033-A513-598F2B4F2B0F}.Debug|Any CPU.ActiveCfg = Debug|Any CPU
		{649B47E5-46F1-4033-A513-598F2B4F2B0F}.Debug|Any CPU.Build.0 = Debug|Any CPU
		{649B47E5-46F1-4033-A513-598F2B4F2B0F}.Release|Any CPU.ActiveCfg = Release|Any CPU
		{649B47E5-46F1-4033-A513-598F2B4F2B0F}.Release|Any CPU.Build.0 = Release|Any CPU
		{845E8FFC-7D35-4C53-B83E-6CB9C5CF0D29}.Debug|Any CPU.ActiveCfg = Debug|Any CPU
		{845E8FFC-7D35-4C53-B83E-6CB9C5CF0D29}.Debug|Any CPU.Build.0 = Debug|Any CPU
		{845E8FFC-7D35-4C53-B83E-6CB9C5CF0D29}.Release|Any CPU.ActiveCfg = Release|Any CPU
		{845E8FFC-7D35-4C53-B83E-6CB9C5CF0D29}.Release|Any CPU.Build.0 = Release|Any CPU
		{6C2994EC-D736-4021-B2FD-C2C03FB11664}.Debug|Any CPU.ActiveCfg = Debug|Any CPU
		{6C2994EC-D736-4021-B2FD-C2C03FB11664}.Debug|Any CPU.Build.0 = Debug|Any CPU
		{6C2994EC-D736-4021-B2FD-C2C03FB11664}.Release|Any CPU.ActiveCfg = Release|Any CPU
		{6C2994EC-D736-4021-B2FD-C2C03FB11664}.Release|Any CPU.Build.0 = Release|Any CPU
		{0FB029FC-4B6F-4979-8999-087AF45AB0A0}.Debug|Any CPU.ActiveCfg = Debug|Any CPU
		{0FB029FC-4B6F-4979-8999-087AF45AB0A0}.Debug|Any CPU.Build.0 = Debug|Any CPU
		{0FB029FC-4B6F-4979-8999-087AF45AB0A0}.Release|Any CPU.ActiveCfg = Release|Any CPU
		{0FB029FC-4B6F-4979-8999-087AF45AB0A0}.Release|Any CPU.Build.0 = Release|Any CPU
		{0DE42766-D5C5-44FA-A05D-C3B43E07AEEB}.Debug|Any CPU.ActiveCfg = Debug|Any CPU
		{0DE42766-D5C5-44FA-A05D-C3B43E07AEEB}.Debug|Any CPU.Build.0 = Debug|Any CPU
		{0DE42766-D5C5-44FA-A05D-C3B43E07AEEB}.Release|Any CPU.ActiveCfg = Release|Any CPU
		{0DE42766-D5C5-44FA-A05D-C3B43E07AEEB}.Release|Any CPU.Build.0 = Release|Any CPU
		{DBB4C996-8347-4C83-9385-A98D4907D92E}.Debug|Any CPU.ActiveCfg = Debug|Any CPU
		{DBB4C996-8347-4C83-9385-A98D4907D92E}.Debug|Any CPU.Build.0 = Debug|Any CPU
		{DBB4C996-8347-4C83-9385-A98D4907D92E}.Release|Any CPU.ActiveCfg = Release|Any CPU
		{DBB4C996-8347-4C83-9385-A98D4907D92E}.Release|Any CPU.Build.0 = Release|Any CPU
		{9B99B113-B4E4-4D38-8346-822E801FD964}.Debug|Any CPU.ActiveCfg = Debug|Any CPU
		{9B99B113-B4E4-4D38-8346-822E801FD964}.Debug|Any CPU.Build.0 = Debug|Any CPU
		{9B99B113-B4E4-4D38-8346-822E801FD964}.Release|Any CPU.ActiveCfg = Release|Any CPU
		{9B99B113-B4E4-4D38-8346-822E801FD964}.Release|Any CPU.Build.0 = Release|Any CPU
	EndGlobalSection
	GlobalSection(SolutionProperties) = preSolution
		HideSolutionNode = FALSE
	EndGlobalSection
	GlobalSection(NestedProjects) = preSolution
		{CF55CB5E-A3D3-47C3-B666-3ECB5A81D5C3} = {6D2CCCB2-C1C6-422A-A119-71D0853C508E}
		{F4AE2671-9158-4C6F-A6F0-844015B91B16} = {6D2CCCB2-C1C6-422A-A119-71D0853C508E}
		{D52CA304-3981-4E2F-8307-1BAC333F15B6} = {6D2CCCB2-C1C6-422A-A119-71D0853C508E}
		{97E51533-D364-4765-9BF1-152D8B9C85B5} = {7876A877-B527-4A48-A0AD-01E1C9B4F092}
		{10764C45-87AE-470A-A15D-EB128D940C23} = {7876A877-B527-4A48-A0AD-01E1C9B4F092}
		{AFA0196C-4B2A-4225-AC54-45D00F5B0BCC} = {CD7A1DB9-94A7-4621-B211-36E357A86FE2}
		{D789C026-6411-4304-B3BC-EC7A3CFEDA62} = {CD7A1DB9-94A7-4621-B211-36E357A86FE2}
		{60F2EF3D-C09F-48C8-83D2-A3A3E60384E2} = {CD7A1DB9-94A7-4621-B211-36E357A86FE2}
		{649B47E5-46F1-4033-A513-598F2B4F2B0F} = {CD7A1DB9-94A7-4621-B211-36E357A86FE2}
		{845E8FFC-7D35-4C53-B83E-6CB9C5CF0D29} = {CD7A1DB9-94A7-4621-B211-36E357A86FE2}
		{6C2994EC-D736-4021-B2FD-C2C03FB11664} = {A121B2C9-4DE2-4DA4-A0D1-15C4A054F0F4}
		{0FB029FC-4B6F-4979-8999-087AF45AB0A0} = {A121B2C9-4DE2-4DA4-A0D1-15C4A054F0F4}
		{0DE42766-D5C5-44FA-A05D-C3B43E07AEEB} = {A121B2C9-4DE2-4DA4-A0D1-15C4A054F0F4}
		{DBB4C996-8347-4C83-9385-A98D4907D92E} = {A121B2C9-4DE2-4DA4-A0D1-15C4A054F0F4}
		{9B99B113-B4E4-4D38-8346-822E801FD964} = {A121B2C9-4DE2-4DA4-A0D1-15C4A054F0F4}
	EndGlobalSection
	GlobalSection(ExtensibilityGlobals) = postSolution
		SolutionGuid = {68A5E1A3-3FC9-4049-BD95-082628E8C90D}
	EndGlobalSection
EndGlobal
