
Microsoft Visual Studio Solution File, Format Version 12.00
# Visual Studio Version 17
VisualStudioVersion = 17.2.32630.192
MinimumVisualStudioVersion = 10.0.40219.1
Project("{FAE04EC0-301F-11D3-BF4B-00C04F79EFBC}") = "01. Two Minutes to Midnight", "01. Two Minutes to Midnight\01. Two Minutes to Midnight.csproj", "{66D418B5-211B-4777-8AC2-BF46A9DD325E}"
EndProject
Global
	GlobalSection(SolutionConfigurationPlatforms) = preSolution
		Debug|Any CPU = Debug|Any CPU
		Release|Any CPU = Release|Any CPU
	EndGlobalSection
	GlobalSection(ProjectConfigurationPlatforms) = postSolution
		{66D418B5-211B-4777-8AC2-BF46A9DD325E}.Debug|Any CPU.ActiveCfg = Debug|Any CPU
		{66D418B5-211B-4777-8AC2-BF46A9DD325E}.Debug|Any CPU.Build.0 = Debug|Any CPU
		{66D418B5-211B-4777-8AC2-BF46A9DD325E}.Release|Any CPU.ActiveCfg = Release|Any CPU
		{66D418B5-211B-4777-8AC2-BF46A9DD325E}.Release|Any CPU.Build.0 = Release|Any CPU
	EndGlobalSection
	GlobalSection(SolutionProperties) = preSolution
		HideSolutionNode = FALSE
	EndGlobalSection
	GlobalSection(ExtensibilityGlobals) = postSolution
		SolutionGuid = {4D0A527A-879C-4C71-8E4A-5B7692624FCF}
	EndGlobalSection
EndGlobal
