
Microsoft Visual Studio Solution File, Format Version 12.00
# Visual Studio Version 16
VisualStudioVersion = 16.0.32413.511
MinimumVisualStudioVersion = 10.0.40219.1
Project("{9A19103F-16F7-4668-BE54-9A1E7A4F7556}") = "01. Recursive Array Sum", "..\01. Recursive Array Sum\01. Recursive Array Sum.csproj", "{EE43C85F-814C-40A5-92BB-315AB530F8FE}"
EndProject
Project("{9A19103F-16F7-4668-BE54-9A1E7A4F7556}") = "02. Recursive Drawing", "..\02. Recursive Drawing\02. Recursive Drawing.csproj", "{88F85D10-6A18-4C5A-B1BB-C1FB73B01A97}"
EndProject
Project("{FAE04EC0-301F-11D3-BF4B-00C04F79EFBC}") = "03. Generating 0-1 Vectors", "03. Generating 0-1 Vectors\03. Generating 0-1 Vectors.csproj", "{34786830-A544-4954-8902-A1CC61F06FB8}"
EndProject
Project("{FAE04EC0-301F-11D3-BF4B-00C04F79EFBC}") = "04. Recursive Factorial", "04. Recursive Factorial\04. Recursive Factorial.csproj", "{822AA535-177C-4CD3-AAC1-E296CFA4A5C9}"
EndProject
Project("{FAE04EC0-301F-11D3-BF4B-00C04F79EFBC}") = "05. Paths in Labyrinth", "05. Paths in Labyrinth\05. Paths in Labyrinth.csproj", "{16FC0928-F0B5-4AC4-8D12-D34205A8EDF5}"
EndProject
Project("{FAE04EC0-301F-11D3-BF4B-00C04F79EFBC}") = "06. 8 Queens Puzzle", "06. 8 Queens Puzzle\06. 8 Queens Puzzle.csproj", "{7B6680AD-8326-4E4C-894C-7B6E8A07C97A}"
EndProject
Project("{FAE04EC0-301F-11D3-BF4B-00C04F79EFBC}") = "07. Recursive Fibonacci", "07. Recursive Fibonacci\07. Recursive Fibonacci.csproj", "{646CE6AC-48AD-4439-ACB2-B32C8BCDDA71}"
EndProject
Global
	GlobalSection(SolutionConfigurationPlatforms) = preSolution
		Debug|Any CPU = Debug|Any CPU
		Release|Any CPU = Release|Any CPU
	EndGlobalSection
	GlobalSection(ProjectConfigurationPlatforms) = postSolution
		{EE43C85F-814C-40A5-92BB-315AB530F8FE}.Debug|Any CPU.ActiveCfg = Debug|Any CPU
		{EE43C85F-814C-40A5-92BB-315AB530F8FE}.Debug|Any CPU.Build.0 = Debug|Any CPU
		{EE43C85F-814C-40A5-92BB-315AB530F8FE}.Release|Any CPU.ActiveCfg = Release|Any CPU
		{EE43C85F-814C-40A5-92BB-315AB530F8FE}.Release|Any CPU.Build.0 = Release|Any CPU
		{88F85D10-6A18-4C5A-B1BB-C1FB73B01A97}.Debug|Any CPU.ActiveCfg = Debug|Any CPU
		{88F85D10-6A18-4C5A-B1BB-C1FB73B01A97}.Debug|Any CPU.Build.0 = Debug|Any CPU
		{88F85D10-6A18-4C5A-B1BB-C1FB73B01A97}.Release|Any CPU.ActiveCfg = Release|Any CPU
		{88F85D10-6A18-4C5A-B1BB-C1FB73B01A97}.Release|Any CPU.Build.0 = Release|Any CPU
		{34786830-A544-4954-8902-A1CC61F06FB8}.Debug|Any CPU.ActiveCfg = Debug|Any CPU
		{34786830-A544-4954-8902-A1CC61F06FB8}.Debug|Any CPU.Build.0 = Debug|Any CPU
		{34786830-A544-4954-8902-A1CC61F06FB8}.Release|Any CPU.ActiveCfg = Release|Any CPU
		{34786830-A544-4954-8902-A1CC61F06FB8}.Release|Any CPU.Build.0 = Release|Any CPU
		{822AA535-177C-4CD3-AAC1-E296CFA4A5C9}.Debug|Any CPU.ActiveCfg = Debug|Any CPU
		{822AA535-177C-4CD3-AAC1-E296CFA4A5C9}.Debug|Any CPU.Build.0 = Debug|Any CPU
		{822AA535-177C-4CD3-AAC1-E296CFA4A5C9}.Release|Any CPU.ActiveCfg = Release|Any CPU
		{822AA535-177C-4CD3-AAC1-E296CFA4A5C9}.Release|Any CPU.Build.0 = Release|Any CPU
		{16FC0928-F0B5-4AC4-8D12-D34205A8EDF5}.Debug|Any CPU.ActiveCfg = Debug|Any CPU
		{16FC0928-F0B5-4AC4-8D12-D34205A8EDF5}.Debug|Any CPU.Build.0 = Debug|Any CPU
		{16FC0928-F0B5-4AC4-8D12-D34205A8EDF5}.Release|Any CPU.ActiveCfg = Release|Any CPU
		{16FC0928-F0B5-4AC4-8D12-D34205A8EDF5}.Release|Any CPU.Build.0 = Release|Any CPU
		{7B6680AD-8326-4E4C-894C-7B6E8A07C97A}.Debug|Any CPU.ActiveCfg = Debug|Any CPU
		{7B6680AD-8326-4E4C-894C-7B6E8A07C97A}.Debug|Any CPU.Build.0 = Debug|Any CPU
		{7B6680AD-8326-4E4C-894C-7B6E8A07C97A}.Release|Any CPU.ActiveCfg = Release|Any CPU
		{7B6680AD-8326-4E4C-894C-7B6E8A07C97A}.Release|Any CPU.Build.0 = Release|Any CPU
		{646CE6AC-48AD-4439-ACB2-B32C8BCDDA71}.Debug|Any CPU.ActiveCfg = Debug|Any CPU
		{646CE6AC-48AD-4439-ACB2-B32C8BCDDA71}.Debug|Any CPU.Build.0 = Debug|Any CPU
		{646CE6AC-48AD-4439-ACB2-B32C8BCDDA71}.Release|Any CPU.ActiveCfg = Release|Any CPU
		{646CE6AC-48AD-4439-ACB2-B32C8BCDDA71}.Release|Any CPU.Build.0 = Release|Any CPU
	EndGlobalSection
	GlobalSection(SolutionProperties) = preSolution
		HideSolutionNode = FALSE
	EndGlobalSection
	GlobalSection(ExtensibilityGlobals) = postSolution
		SolutionGuid = {3B3097D4-6F53-403A-9281-546F98D30054}
	EndGlobalSection
EndGlobal
