
Microsoft Visual Studio Solution File, Format Version 12.00
# Visual Studio Version 17
VisualStudioVersion = 17.2.32616.157
MinimumVisualStudioVersion = 10.0.40219.1
Project("{FAE04EC0-301F-11D3-BF4B-00C04F79EFBC}") = "01.Problem", "01.Problem\01.Problem.csproj", "{555D9093-2CF2-41F6-A3DE-874C78B887BC}"
EndProject
Project("{FAE04EC0-301F-11D3-BF4B-00C04F79EFBC}") = "02. Problem", "02. Problem\02. Problem.csproj", "{9D2FC5B2-1A2C-4C1A-8367-37DBB8EC895A}"
EndProject
Project("{FAE04EC0-301F-11D3-BF4B-00C04F79EFBC}") = "03. Problem", "03. Problem\03. Problem.csproj", "{6E90715D-D9AE-4246-96B5-3715B59BBE75}"
EndProject
Global
	GlobalSection(SolutionConfigurationPlatforms) = preSolution
		Debug|Any CPU = Debug|Any CPU
		Release|Any CPU = Release|Any CPU
	EndGlobalSection
	GlobalSection(ProjectConfigurationPlatforms) = postSolution
		{555D9093-2CF2-41F6-A3DE-874C78B887BC}.Debug|Any CPU.ActiveCfg = Debug|Any CPU
		{555D9093-2CF2-41F6-A3DE-874C78B887BC}.Debug|Any CPU.Build.0 = Debug|Any CPU
		{555D9093-2CF2-41F6-A3DE-874C78B887BC}.Release|Any CPU.ActiveCfg = Release|Any CPU
		{555D9093-2CF2-41F6-A3DE-874C78B887BC}.Release|Any CPU.Build.0 = Release|Any CPU
		{9D2FC5B2-1A2C-4C1A-8367-37DBB8EC895A}.Debug|Any CPU.ActiveCfg = Debug|Any CPU
		{9D2FC5B2-1A2C-4C1A-8367-37DBB8EC895A}.Debug|Any CPU.Build.0 = Debug|Any CPU
		{9D2FC5B2-1A2C-4C1A-8367-37DBB8EC895A}.Release|Any CPU.ActiveCfg = Release|Any CPU
		{9D2FC5B2-1A2C-4C1A-8367-37DBB8EC895A}.Release|Any CPU.Build.0 = Release|Any CPU
		{6E90715D-D9AE-4246-96B5-3715B59BBE75}.Debug|Any CPU.ActiveCfg = Debug|Any CPU
		{6E90715D-D9AE-4246-96B5-3715B59BBE75}.Debug|Any CPU.Build.0 = Debug|Any CPU
		{6E90715D-D9AE-4246-96B5-3715B59BBE75}.Release|Any CPU.ActiveCfg = Release|Any CPU
		{6E90715D-D9AE-4246-96B5-3715B59BBE75}.Release|Any CPU.Build.0 = Release|Any CPU
	EndGlobalSection
	GlobalSection(SolutionProperties) = preSolution
		HideSolutionNode = FALSE
	EndGlobalSection
	GlobalSection(ExtensibilityGlobals) = postSolution
		SolutionGuid = {4C671AC8-9CD1-4ED8-AF48-6B0A997438DA}
	EndGlobalSection
EndGlobal
