
Microsoft Visual Studio Solution File, Format Version 12.00
# Visual Studio Version 17
VisualStudioVersion = 17.3.32922.545
MinimumVisualStudioVersion = 10.0.40219.1
Project("{FAE04EC0-301F-11D3-BF4B-00C04F79EFBC}") = "01.Problem", "01.Problem\01.Problem.csproj", "{565C0E0A-5238-46DC-9E46-14D7731AE69C}"
EndProject
Project("{FAE04EC0-301F-11D3-BF4B-00C04F79EFBC}") = "02.Problem", "02.Problem\02.Problem.csproj", "{50B4D26A-81A0-4842-9234-F57E5703F5E1}"
EndProject
Project("{FAE04EC0-301F-11D3-BF4B-00C04F79EFBC}") = "03. Problem", "03. Problem\03. Problem.csproj", "{B69A5979-C02A-41D8-B563-954984CB0AA2}"
EndProject
Global
	GlobalSection(SolutionConfigurationPlatforms) = preSolution
		Debug|Any CPU = Debug|Any CPU
		Release|Any CPU = Release|Any CPU
	EndGlobalSection
	GlobalSection(ProjectConfigurationPlatforms) = postSolution
		{565C0E0A-5238-46DC-9E46-14D7731AE69C}.Debug|Any CPU.ActiveCfg = Debug|Any CPU
		{565C0E0A-5238-46DC-9E46-14D7731AE69C}.Debug|Any CPU.Build.0 = Debug|Any CPU
		{565C0E0A-5238-46DC-9E46-14D7731AE69C}.Release|Any CPU.ActiveCfg = Release|Any CPU
		{565C0E0A-5238-46DC-9E46-14D7731AE69C}.Release|Any CPU.Build.0 = Release|Any CPU
		{50B4D26A-81A0-4842-9234-F57E5703F5E1}.Debug|Any CPU.ActiveCfg = Debug|Any CPU
		{50B4D26A-81A0-4842-9234-F57E5703F5E1}.Debug|Any CPU.Build.0 = Debug|Any CPU
		{50B4D26A-81A0-4842-9234-F57E5703F5E1}.Release|Any CPU.ActiveCfg = Release|Any CPU
		{50B4D26A-81A0-4842-9234-F57E5703F5E1}.Release|Any CPU.Build.0 = Release|Any CPU
		{B69A5979-C02A-41D8-B563-954984CB0AA2}.Debug|Any CPU.ActiveCfg = Debug|Any CPU
		{B69A5979-C02A-41D8-B563-954984CB0AA2}.Debug|Any CPU.Build.0 = Debug|Any CPU
		{B69A5979-C02A-41D8-B563-954984CB0AA2}.Release|Any CPU.ActiveCfg = Release|Any CPU
		{B69A5979-C02A-41D8-B563-954984CB0AA2}.Release|Any CPU.Build.0 = Release|Any CPU
	EndGlobalSection
	GlobalSection(SolutionProperties) = preSolution
		HideSolutionNode = FALSE
	EndGlobalSection
	GlobalSection(ExtensibilityGlobals) = postSolution
		SolutionGuid = {72F235C3-27D9-4E97-AAAF-25487C78573C}
	EndGlobalSection
EndGlobal
