
Microsoft Visual Studio Solution File, Format Version 12.00
# Visual Studio Version 17
VisualStudioVersion = 17.2.32616.157
MinimumVisualStudioVersion = 10.0.40219.1
Project("{9A19103F-16F7-4668-BE54-9A1E7A4F7556}") = "01. Connected Components", "01. Connected Components\01. Connected Components.csproj", "{1B29C5DD-AFCF-480F-9835-9E077FC8D319}"
EndProject
Project("{FAE04EC0-301F-11D3-BF4B-00C04F79EFBC}") = "02. Topological Sorting", "02. Topological Sorting\02. Topological Sorting.csproj", "{6C6DF326-55E7-4B6A-9D91-FDE10304D192}"
EndProject
Global
	GlobalSection(SolutionConfigurationPlatforms) = preSolution
		Debug|Any CPU = Debug|Any CPU
		Release|Any CPU = Release|Any CPU
	EndGlobalSection
	GlobalSection(ProjectConfigurationPlatforms) = postSolution
		{1B29C5DD-AFCF-480F-9835-9E077FC8D319}.Debug|Any CPU.ActiveCfg = Debug|Any CPU
		{1B29C5DD-AFCF-480F-9835-9E077FC8D319}.Debug|Any CPU.Build.0 = Debug|Any CPU
		{1B29C5DD-AFCF-480F-9835-9E077FC8D319}.Release|Any CPU.ActiveCfg = Release|Any CPU
		{1B29C5DD-AFCF-480F-9835-9E077FC8D319}.Release|Any CPU.Build.0 = Release|Any CPU
		{6C6DF326-55E7-4B6A-9D91-FDE10304D192}.Debug|Any CPU.ActiveCfg = Debug|Any CPU
		{6C6DF326-55E7-4B6A-9D91-FDE10304D192}.Debug|Any CPU.Build.0 = Debug|Any CPU
		{6C6DF326-55E7-4B6A-9D91-FDE10304D192}.Release|Any CPU.ActiveCfg = Release|Any CPU
		{6C6DF326-55E7-4B6A-9D91-FDE10304D192}.Release|Any CPU.Build.0 = Release|Any CPU
	EndGlobalSection
	GlobalSection(SolutionProperties) = preSolution
		HideSolutionNode = FALSE
	EndGlobalSection
	GlobalSection(ExtensibilityGlobals) = postSolution
		SolutionGuid = {1E7318E7-72DE-40B9-B73A-5C46B0F42E2B}
	EndGlobalSection
EndGlobal
