
Microsoft Visual Studio Solution File, Format Version 12.00
# Visual Studio Version 17
VisualStudioVersion = 17.0.31808.319
MinimumVisualStudioVersion = 10.0.40219.1
Project("{FAE04EC0-301F-11D3-BF4B-00C04F79EFBC}") = "Operations", "Operations\Operations.csproj", "{F9B7DC68-4C99-4341-87C2-83C439A60280}"
EndProject
Project("{FAE04EC0-301F-11D3-BF4B-00C04F79EFBC}") = "Animals", "Animals\Animals.csproj", "{1E24005E-14F8-4426-9F54-70CA098C2E1A}"
EndProject
Project("{FAE04EC0-301F-11D3-BF4B-00C04F79EFBC}") = "Shapes", "Shapes\Shapes.csproj", "{310AEDE3-DE76-4C85-861B-B143BA8A7847}"
EndProject
Global
	GlobalSection(SolutionConfigurationPlatforms) = preSolution
		Debug|Any CPU = Debug|Any CPU
		Release|Any CPU = Release|Any CPU
	EndGlobalSection
	GlobalSection(ProjectConfigurationPlatforms) = postSolution
		{F9B7DC68-4C99-4341-87C2-83C439A60280}.Debug|Any CPU.ActiveCfg = Debug|Any CPU
		{F9B7DC68-4C99-4341-87C2-83C439A60280}.Debug|Any CPU.Build.0 = Debug|Any CPU
		{F9B7DC68-4C99-4341-87C2-83C439A60280}.Release|Any CPU.ActiveCfg = Release|Any CPU
		{F9B7DC68-4C99-4341-87C2-83C439A60280}.Release|Any CPU.Build.0 = Release|Any CPU
		{1E24005E-14F8-4426-9F54-70CA098C2E1A}.Debug|Any CPU.ActiveCfg = Debug|Any CPU
		{1E24005E-14F8-4426-9F54-70CA098C2E1A}.Debug|Any CPU.Build.0 = Debug|Any CPU
		{1E24005E-14F8-4426-9F54-70CA098C2E1A}.Release|Any CPU.ActiveCfg = Release|Any CPU
		{1E24005E-14F8-4426-9F54-70CA098C2E1A}.Release|Any CPU.Build.0 = Release|Any CPU
		{310AEDE3-DE76-4C85-861B-B143BA8A7847}.Debug|Any CPU.ActiveCfg = Debug|Any CPU
		{310AEDE3-DE76-4C85-861B-B143BA8A7847}.Debug|Any CPU.Build.0 = Debug|Any CPU
		{310AEDE3-DE76-4C85-861B-B143BA8A7847}.Release|Any CPU.ActiveCfg = Release|Any CPU
		{310AEDE3-DE76-4C85-861B-B143BA8A7847}.Release|Any CPU.Build.0 = Release|Any CPU
	EndGlobalSection
	GlobalSection(SolutionProperties) = preSolution
		HideSolutionNode = FALSE
	EndGlobalSection
	GlobalSection(ExtensibilityGlobals) = postSolution
		SolutionGuid = {E9D2E01C-C4A4-41E7-A943-F1756A1F8C0E}
	EndGlobalSection
EndGlobal
