
Microsoft Visual Studio Solution File, Format Version 12.00
# Visual Studio Version 16
VisualStudioVersion = 16.0.31729.503
MinimumVisualStudioVersion = 10.0.40219.1
Project("{9A19103F-16F7-4668-BE54-9A1E7A4F7556}") = "Stealer", "Stealer\Stealer.csproj", "{D5B67DD4-20F9-403F-A09E-19D384B9A96A}"
EndProject
Project("{FAE04EC0-301F-11D3-BF4B-00C04F79EFBC}") = "AuthorProblem", "AuthorProblem\AuthorProblem.csproj", "{6FD697B5-4F84-4D96-8930-9301358C46B0}"
EndProject
Global
	GlobalSection(SolutionConfigurationPlatforms) = preSolution
		Debug|Any CPU = Debug|Any CPU
		Release|Any CPU = Release|Any CPU
	EndGlobalSection
	GlobalSection(ProjectConfigurationPlatforms) = postSolution
		{D5B67DD4-20F9-403F-A09E-19D384B9A96A}.Debug|Any CPU.ActiveCfg = Debug|Any CPU
		{D5B67DD4-20F9-403F-A09E-19D384B9A96A}.Debug|Any CPU.Build.0 = Debug|Any CPU
		{D5B67DD4-20F9-403F-A09E-19D384B9A96A}.Release|Any CPU.ActiveCfg = Release|Any CPU
		{D5B67DD4-20F9-403F-A09E-19D384B9A96A}.Release|Any CPU.Build.0 = Release|Any CPU
		{6FD697B5-4F84-4D96-8930-9301358C46B0}.Debug|Any CPU.ActiveCfg = Debug|Any CPU
		{6FD697B5-4F84-4D96-8930-9301358C46B0}.Debug|Any CPU.Build.0 = Debug|Any CPU
		{6FD697B5-4F84-4D96-8930-9301358C46B0}.Release|Any CPU.ActiveCfg = Release|Any CPU
		{6FD697B5-4F84-4D96-8930-9301358C46B0}.Release|Any CPU.Build.0 = Release|Any CPU
	EndGlobalSection
	GlobalSection(SolutionProperties) = preSolution
		HideSolutionNode = FALSE
	EndGlobalSection
	GlobalSection(ExtensibilityGlobals) = postSolution
		SolutionGuid = {667921BB-8957-4B28-B2DD-A838F4B0430D}
	EndGlobalSection
EndGlobal
