
Microsoft Visual Studio Solution File, Format Version 12.00
# Visual Studio Version 16
VisualStudioVersion = 16.0.31729.503
MinimumVisualStudioVersion = 10.0.40219.1
Project("{9A19103F-16F7-4668-BE54-9A1E7A4F7556}") = "ClassBoxData", "ClassBoxData\ClassBoxData.csproj", "{88E48B68-09DE-4D3E-A270-C717F93D4AE7}"
EndProject
Project("{9A19103F-16F7-4668-BE54-9A1E7A4F7556}") = "AnimalFarm", "AnimalFarm\AnimalFarm.csproj", "{2B44953B-16B3-4EFE-9970-1F0866BB433F}"
EndProject
Project("{9A19103F-16F7-4668-BE54-9A1E7A4F7556}") = "ShoppingSpree", "ShoppingSpree\ShoppingSpree.csproj", "{21C6E29E-B8E9-4A9E-8F2D-1221C1D9976E}"
EndProject
Project("{9A19103F-16F7-4668-BE54-9A1E7A4F7556}") = "PizzaCalories", "PizzaCalories\PizzaCalories.csproj", "{1B722FDB-040D-497B-AC67-1CEF5EBC373D}"
EndProject
Project("{FAE04EC0-301F-11D3-BF4B-00C04F79EFBC}") = "FootballTeamGenerator", "FootballTeamGenerator\FootballTeamGenerator.csproj", "{93B22692-50A8-41B7-8E8A-CB446EB90B62}"
EndProject
Global
	GlobalSection(SolutionConfigurationPlatforms) = preSolution
		Debug|Any CPU = Debug|Any CPU
		Release|Any CPU = Release|Any CPU
	EndGlobalSection
	GlobalSection(ProjectConfigurationPlatforms) = postSolution
		{88E48B68-09DE-4D3E-A270-C717F93D4AE7}.Debug|Any CPU.ActiveCfg = Debug|Any CPU
		{88E48B68-09DE-4D3E-A270-C717F93D4AE7}.Debug|Any CPU.Build.0 = Debug|Any CPU
		{88E48B68-09DE-4D3E-A270-C717F93D4AE7}.Release|Any CPU.ActiveCfg = Release|Any CPU
		{88E48B68-09DE-4D3E-A270-C717F93D4AE7}.Release|Any CPU.Build.0 = Release|Any CPU
		{2B44953B-16B3-4EFE-9970-1F0866BB433F}.Debug|Any CPU.ActiveCfg = Debug|Any CPU
		{2B44953B-16B3-4EFE-9970-1F0866BB433F}.Debug|Any CPU.Build.0 = Debug|Any CPU
		{2B44953B-16B3-4EFE-9970-1F0866BB433F}.Release|Any CPU.ActiveCfg = Release|Any CPU
		{2B44953B-16B3-4EFE-9970-1F0866BB433F}.Release|Any CPU.Build.0 = Release|Any CPU
		{21C6E29E-B8E9-4A9E-8F2D-1221C1D9976E}.Debug|Any CPU.ActiveCfg = Debug|Any CPU
		{21C6E29E-B8E9-4A9E-8F2D-1221C1D9976E}.Debug|Any CPU.Build.0 = Debug|Any CPU
		{21C6E29E-B8E9-4A9E-8F2D-1221C1D9976E}.Release|Any CPU.ActiveCfg = Release|Any CPU
		{21C6E29E-B8E9-4A9E-8F2D-1221C1D9976E}.Release|Any CPU.Build.0 = Release|Any CPU
		{1B722FDB-040D-497B-AC67-1CEF5EBC373D}.Debug|Any CPU.ActiveCfg = Debug|Any CPU
		{1B722FDB-040D-497B-AC67-1CEF5EBC373D}.Debug|Any CPU.Build.0 = Debug|Any CPU
		{1B722FDB-040D-497B-AC67-1CEF5EBC373D}.Release|Any CPU.ActiveCfg = Release|Any CPU
		{1B722FDB-040D-497B-AC67-1CEF5EBC373D}.Release|Any CPU.Build.0 = Release|Any CPU
		{93B22692-50A8-41B7-8E8A-CB446EB90B62}.Debug|Any CPU.ActiveCfg = Debug|Any CPU
		{93B22692-50A8-41B7-8E8A-CB446EB90B62}.Debug|Any CPU.Build.0 = Debug|Any CPU
		{93B22692-50A8-41B7-8E8A-CB446EB90B62}.Release|Any CPU.ActiveCfg = Release|Any CPU
		{93B22692-50A8-41B7-8E8A-CB446EB90B62}.Release|Any CPU.Build.0 = Release|Any CPU
	EndGlobalSection
	GlobalSection(SolutionProperties) = preSolution
		HideSolutionNode = FALSE
	EndGlobalSection
	GlobalSection(ExtensibilityGlobals) = postSolution
		SolutionGuid = {1B4DB8F5-97F3-43E0-A644-C554026498C8}
	EndGlobalSection
EndGlobal
