
Microsoft Visual Studio Solution File, Format Version 12.00
# Visual Studio Version 16
VisualStudioVersion = 16.0.31729.503
MinimumVisualStudioVersion = 10.0.40219.1
Project("{FAE04EC0-301F-11D3-BF4B-00C04F79EFBC}") = "Warm Winter", "Warm Winter.csproj", "{727942CB-8A84-4EB4-A6BE-3BF7A5509D42}"
EndProject
Global
	GlobalSection(SolutionConfigurationPlatforms) = preSolution
		Debug|Any CPU = Debug|Any CPU
		Release|Any CPU = Release|Any CPU
	EndGlobalSection
	GlobalSection(ProjectConfigurationPlatforms) = postSolution
		{727942CB-8A84-4EB4-A6BE-3BF7A5509D42}.Debug|Any CPU.ActiveCfg = Debug|Any CPU
		{727942CB-8A84-4EB4-A6BE-3BF7A5509D42}.Debug|Any CPU.Build.0 = Debug|Any CPU
		{727942CB-8A84-4EB4-A6BE-3BF7A5509D42}.Release|Any CPU.ActiveCfg = Release|Any CPU
		{727942CB-8A84-4EB4-A6BE-3BF7A5509D42}.Release|Any CPU.Build.0 = Release|Any CPU
	EndGlobalSection
	GlobalSection(SolutionProperties) = preSolution
		HideSolutionNode = FALSE
	EndGlobalSection
	GlobalSection(ExtensibilityGlobals) = postSolution
		SolutionGuid = {4C67FA24-3981-4CFB-B941-66F0BF79F3E7}
	EndGlobalSection
EndGlobal
