
Microsoft Visual Studio Solution File, Format Version 12.00
# Visual Studio Version 17
VisualStudioVersion = 17.0.31808.319
MinimumVisualStudioVersion = 10.0.40219.1
Project("{FAE04EC0-301F-11D3-BF4B-00C04F79EFBC}") = "Shapes", "Shapes\Shapes.csproj", "{5D993981-64A5-47C0-9324-BFD1DBC3D285}"
EndProject
Project("{FAE04EC0-301F-11D3-BF4B-00C04F79EFBC}") = "Cars", "Cars\Cars.csproj", "{C5905EA3-ED20-4678-B0CB-A0258F92F1DA}"
EndProject
Global
	GlobalSection(SolutionConfigurationPlatforms) = preSolution
		Debug|Any CPU = Debug|Any CPU
		Release|Any CPU = Release|Any CPU
	EndGlobalSection
	GlobalSection(ProjectConfigurationPlatforms) = postSolution
		{5D993981-64A5-47C0-9324-BFD1DBC3D285}.Debug|Any CPU.ActiveCfg = Debug|Any CPU
		{5D993981-64A5-47C0-9324-BFD1DBC3D285}.Debug|Any CPU.Build.0 = Debug|Any CPU
		{5D993981-64A5-47C0-9324-BFD1DBC3D285}.Release|Any CPU.ActiveCfg = Release|Any CPU
		{5D993981-64A5-47C0-9324-BFD1DBC3D285}.Release|Any CPU.Build.0 = Release|Any CPU
		{C5905EA3-ED20-4678-B0CB-A0258F92F1DA}.Debug|Any CPU.ActiveCfg = Debug|Any CPU
		{C5905EA3-ED20-4678-B0CB-A0258F92F1DA}.Debug|Any CPU.Build.0 = Debug|Any CPU
		{C5905EA3-ED20-4678-B0CB-A0258F92F1DA}.Release|Any CPU.ActiveCfg = Release|Any CPU
		{C5905EA3-ED20-4678-B0CB-A0258F92F1DA}.Release|Any CPU.Build.0 = Release|Any CPU
	EndGlobalSection
	GlobalSection(SolutionProperties) = preSolution
		HideSolutionNode = FALSE
	EndGlobalSection
	GlobalSection(ExtensibilityGlobals) = postSolution
		SolutionGuid = {8BEA4D55-6AA4-43D2-A887-5D3CCAF86F14}
	EndGlobalSection
EndGlobal
