
Microsoft Visual Studio Solution File, Format Version 12.00
# Visual Studio Version 16
VisualStudioVersion = 16.0.31729.503
MinimumVisualStudioVersion = 10.0.40219.1
Project("{9A19103F-16F7-4668-BE54-9A1E7A4F7556}") = "Farm", "Farm\Farm.csproj", "{12AF24FD-9917-48C1-B6F6-AB764C7C60CB}"
EndProject
Project("{9A19103F-16F7-4668-BE54-9A1E7A4F7556}") = "CustomRandomList", "Random List\CustomRandomList.csproj", "{5915E70F-27D5-470A-97C5-D84344239301}"
EndProject
Project("{FAE04EC0-301F-11D3-BF4B-00C04F79EFBC}") = "CustomStack", "CustomStack\CustomStack.csproj", "{7423113D-7D91-4AE2-8A54-433CC843DE14}"
EndProject
Global
	GlobalSection(SolutionConfigurationPlatforms) = preSolution
		Debug|Any CPU = Debug|Any CPU
		Release|Any CPU = Release|Any CPU
	EndGlobalSection
	GlobalSection(ProjectConfigurationPlatforms) = postSolution
		{12AF24FD-9917-48C1-B6F6-AB764C7C60CB}.Debug|Any CPU.ActiveCfg = Debug|Any CPU
		{12AF24FD-9917-48C1-B6F6-AB764C7C60CB}.Debug|Any CPU.Build.0 = Debug|Any CPU
		{12AF24FD-9917-48C1-B6F6-AB764C7C60CB}.Release|Any CPU.ActiveCfg = Release|Any CPU
		{12AF24FD-9917-48C1-B6F6-AB764C7C60CB}.Release|Any CPU.Build.0 = Release|Any CPU
		{5915E70F-27D5-470A-97C5-D84344239301}.Debug|Any CPU.ActiveCfg = Debug|Any CPU
		{5915E70F-27D5-470A-97C5-D84344239301}.Debug|Any CPU.Build.0 = Debug|Any CPU
		{5915E70F-27D5-470A-97C5-D84344239301}.Release|Any CPU.ActiveCfg = Release|Any CPU
		{5915E70F-27D5-470A-97C5-D84344239301}.Release|Any CPU.Build.0 = Release|Any CPU
		{7423113D-7D91-4AE2-8A54-433CC843DE14}.Debug|Any CPU.ActiveCfg = Debug|Any CPU
		{7423113D-7D91-4AE2-8A54-433CC843DE14}.Debug|Any CPU.Build.0 = Debug|Any CPU
		{7423113D-7D91-4AE2-8A54-433CC843DE14}.Release|Any CPU.ActiveCfg = Release|Any CPU
		{7423113D-7D91-4AE2-8A54-433CC843DE14}.Release|Any CPU.Build.0 = Release|Any CPU
	EndGlobalSection
	GlobalSection(SolutionProperties) = preSolution
		HideSolutionNode = FALSE
	EndGlobalSection
	GlobalSection(ExtensibilityGlobals) = postSolution
		SolutionGuid = {30266025-3B14-469A-883F-BF504EE61F21}
	EndGlobalSection
EndGlobal
