
Microsoft Visual Studio Solution File, Format Version 12.00
# Visual Studio Version 16
VisualStudioVersion = 16.0.32510.428
MinimumVisualStudioVersion = 10.0.40219.1
Project("{9A19103F-16F7-4668-BE54-9A1E7A4F7556}") = "01. Permutations without Repetition", "01. Permutations without Repetition\01. Permutations without Repetition.csproj", "{5395EA9D-12DE-4BC2-829D-63E76E6F5B36}"
EndProject
Project("{9A19103F-16F7-4668-BE54-9A1E7A4F7556}") = "02. Permutations with Repetition", "02. Permutations with Repetition\02. Permutations with Repetition.csproj", "{24659B64-0318-48E4-83DD-0EBDC87FDACE}"
EndProject
Project("{FAE04EC0-301F-11D3-BF4B-00C04F79EFBC}") = "03. Variations without Repetition", "03. Variations without Repetition\03. Variations without Repetition.csproj", "{789CFA92-320B-4353-9E6E-88C1145874A5}"
EndProject
Project("{FAE04EC0-301F-11D3-BF4B-00C04F79EFBC}") = "04. Variations with Repetition", "04. Variations with Repetition\04. Variations with Repetition.csproj", "{9151F491-3755-4273-8694-17D722490682}"
EndProject
Project("{FAE04EC0-301F-11D3-BF4B-00C04F79EFBC}") = "05. Combinations without Repetition", "05. Combinations without Repetition\05. Combinations without Repetition.csproj", "{78936311-2796-4464-81A8-25964E5466D5}"
EndProject
Project("{FAE04EC0-301F-11D3-BF4B-00C04F79EFBC}") = "06. Combinations with Repetition", "06. Combinations with Repetition\06. Combinations with Repetition.csproj", "{63926D89-0F38-490D-9962-12890E526085}"
EndProject
Project("{FAE04EC0-301F-11D3-BF4B-00C04F79EFBC}") = "07. N Choose K Count", "07. N Choose K Count\07. N Choose K Count.csproj", "{B0FDAB19-691E-4287-AE70-28A96E4085F9}"
EndProject
Global
	GlobalSection(SolutionConfigurationPlatforms) = preSolution
		Debug|Any CPU = Debug|Any CPU
		Release|Any CPU = Release|Any CPU
	EndGlobalSection
	GlobalSection(ProjectConfigurationPlatforms) = postSolution
		{5395EA9D-12DE-4BC2-829D-63E76E6F5B36}.Debug|Any CPU.ActiveCfg = Debug|Any CPU
		{5395EA9D-12DE-4BC2-829D-63E76E6F5B36}.Debug|Any CPU.Build.0 = Debug|Any CPU
		{5395EA9D-12DE-4BC2-829D-63E76E6F5B36}.Release|Any CPU.ActiveCfg = Release|Any CPU
		{5395EA9D-12DE-4BC2-829D-63E76E6F5B36}.Release|Any CPU.Build.0 = Release|Any CPU
		{24659B64-0318-48E4-83DD-0EBDC87FDACE}.Debug|Any CPU.ActiveCfg = Debug|Any CPU
		{24659B64-0318-48E4-83DD-0EBDC87FDACE}.Debug|Any CPU.Build.0 = Debug|Any CPU
		{24659B64-0318-48E4-83DD-0EBDC87FDACE}.Release|Any CPU.ActiveCfg = Release|Any CPU
		{24659B64-0318-48E4-83DD-0EBDC87FDACE}.Release|Any CPU.Build.0 = Release|Any CPU
		{789CFA92-320B-4353-9E6E-88C1145874A5}.Debug|Any CPU.ActiveCfg = Debug|Any CPU
		{789CFA92-320B-4353-9E6E-88C1145874A5}.Debug|Any CPU.Build.0 = Debug|Any CPU
		{789CFA92-320B-4353-9E6E-88C1145874A5}.Release|Any CPU.ActiveCfg = Release|Any CPU
		{789CFA92-320B-4353-9E6E-88C1145874A5}.Release|Any CPU.Build.0 = Release|Any CPU
		{9151F491-3755-4273-8694-17D722490682}.Debug|Any CPU.ActiveCfg = Debug|Any CPU
		{9151F491-3755-4273-8694-17D722490682}.Debug|Any CPU.Build.0 = Debug|Any CPU
		{9151F491-3755-4273-8694-17D722490682}.Release|Any CPU.ActiveCfg = Release|Any CPU
		{9151F491-3755-4273-8694-17D722490682}.Release|Any CPU.Build.0 = Release|Any CPU
		{78936311-2796-4464-81A8-25964E5466D5}.Debug|Any CPU.ActiveCfg = Debug|Any CPU
		{78936311-2796-4464-81A8-25964E5466D5}.Debug|Any CPU.Build.0 = Debug|Any CPU
		{78936311-2796-4464-81A8-25964E5466D5}.Release|Any CPU.ActiveCfg = Release|Any CPU
		{78936311-2796-4464-81A8-25964E5466D5}.Release|Any CPU.Build.0 = Release|Any CPU
		{63926D89-0F38-490D-9962-12890E526085}.Debug|Any CPU.ActiveCfg = Debug|Any CPU
		{63926D89-0F38-490D-9962-12890E526085}.Debug|Any CPU.Build.0 = Debug|Any CPU
		{63926D89-0F38-490D-9962-12890E526085}.Release|Any CPU.ActiveCfg = Release|Any CPU
		{63926D89-0F38-490D-9962-12890E526085}.Release|Any CPU.Build.0 = Release|Any CPU
		{B0FDAB19-691E-4287-AE70-28A96E4085F9}.Debug|Any CPU.ActiveCfg = Debug|Any CPU
		{B0FDAB19-691E-4287-AE70-28A96E4085F9}.Debug|Any CPU.Build.0 = Debug|Any CPU
		{B0FDAB19-691E-4287-AE70-28A96E4085F9}.Release|Any CPU.ActiveCfg = Release|Any CPU
		{B0FDAB19-691E-4287-AE70-28A96E4085F9}.Release|Any CPU.Build.0 = Release|Any CPU
	EndGlobalSection
	GlobalSection(SolutionProperties) = preSolution
		HideSolutionNode = FALSE
	EndGlobalSection
	GlobalSection(ExtensibilityGlobals) = postSolution
		SolutionGuid = {916FEE3F-6353-4C85-88CF-896968AFBB65}
	EndGlobalSection
EndGlobal
