
Microsoft Visual Studio Solution File, Format Version 12.00
# Visual Studio Version 16
VisualStudioVersion = 16.0.31727.386
MinimumVisualStudioVersion = 10.0.40219.1
Project("{9A19103F-16F7-4668-BE54-9A1E7A4F7556}") = "02.Survivor", "02.Survivor.csproj", "{AB8517F9-122E-49E1-9325-2BE9932162E0}"
EndProject
Project("{FAE04EC0-301F-11D3-BF4B-00C04F79EFBC}") = "Exercise", "..\Exercise\Exercise.csproj", "{97EDCDA6-336F-4906-BA2D-93E17163B161}"
EndProject
Global
	GlobalSection(SolutionConfigurationPlatforms) = preSolution
		Debug|Any CPU = Debug|Any CPU
		Release|Any CPU = Release|Any CPU
	EndGlobalSection
	GlobalSection(ProjectConfigurationPlatforms) = postSolution
		{AB8517F9-122E-49E1-9325-2BE9932162E0}.Debug|Any CPU.ActiveCfg = Debug|Any CPU
		{AB8517F9-122E-49E1-9325-2BE9932162E0}.Debug|Any CPU.Build.0 = Debug|Any CPU
		{AB8517F9-122E-49E1-9325-2BE9932162E0}.Release|Any CPU.ActiveCfg = Release|Any CPU
		{AB8517F9-122E-49E1-9325-2BE9932162E0}.Release|Any CPU.Build.0 = Release|Any CPU
		{97EDCDA6-336F-4906-BA2D-93E17163B161}.Debug|Any CPU.ActiveCfg = Debug|Any CPU
		{97EDCDA6-336F-4906-BA2D-93E17163B161}.Debug|Any CPU.Build.0 = Debug|Any CPU
		{97EDCDA6-336F-4906-BA2D-93E17163B161}.Release|Any CPU.ActiveCfg = Release|Any CPU
		{97EDCDA6-336F-4906-BA2D-93E17163B161}.Release|Any CPU.Build.0 = Release|Any CPU
	EndGlobalSection
	GlobalSection(SolutionProperties) = preSolution
		HideSolutionNode = FALSE
	EndGlobalSection
	GlobalSection(ExtensibilityGlobals) = postSolution
		SolutionGuid = {246CF9F4-E1A6-4C96-8C62-91BE6E729A76}
	EndGlobalSection
EndGlobal
