
Microsoft Visual Studio Solution File, Format Version 12.00
# Visual Studio Version 17
VisualStudioVersion = 17.2.32616.157
MinimumVisualStudioVersion = 10.0.40219.1
Project("{FAE04EC0-301F-11D3-BF4B-00C04F79EFBC}") = "BookShop System", "BookShop System\BookShop System.csproj", "{2E5A5E81-9E58-4517-A5E7-9CD9491EED1D}"
EndProject
Global
	GlobalSection(SolutionConfigurationPlatforms) = preSolution
		Debug|Any CPU = Debug|Any CPU
		Release|Any CPU = Release|Any CPU
	EndGlobalSection
	GlobalSection(ProjectConfigurationPlatforms) = postSolution
		{2E5A5E81-9E58-4517-A5E7-9CD9491EED1D}.Debug|Any CPU.ActiveCfg = Debug|Any CPU
		{2E5A5E81-9E58-4517-A5E7-9CD9491EED1D}.Debug|Any CPU.Build.0 = Debug|Any CPU
		{2E5A5E81-9E58-4517-A5E7-9CD9491EED1D}.Release|Any CPU.ActiveCfg = Release|Any CPU
		{2E5A5E81-9E58-4517-A5E7-9CD9491EED1D}.Release|Any CPU.Build.0 = Release|Any CPU
	EndGlobalSection
	GlobalSection(SolutionProperties) = preSolution
		HideSolutionNode = FALSE
	EndGlobalSection
	GlobalSection(ExtensibilityGlobals) = postSolution
		SolutionGuid = {588BD9B8-BFB7-466D-AEE4-26B6EFD66C53}
	EndGlobalSection
EndGlobal
