
Microsoft Visual Studio Solution File, Format Version 12.00
# Visual Studio Version 17
VisualStudioVersion = 17.2.32616.157
MinimumVisualStudioVersion = 10.0.40219.1
Project("{9A19103F-16F7-4668-BE54-9A1E7A4F7556}") = "01. Reverse Array", "01. Reverse Array\01. Reverse Array.csproj", "{E5EB58F9-1912-401E-ACB4-4A6FBDF594B2}"
EndProject
Project("{9A19103F-16F7-4668-BE54-9A1E7A4F7556}") = "02. NestedLoops", "02. NestedLoops\02. NestedLoops.csproj", "{175AF575-2722-4F49-8F8A-A1100F32D3B4}"
EndProject
Project("{FAE04EC0-301F-11D3-BF4B-00C04F79EFBC}") = "ConnectedAreas", "ConnectedAreas\ConnectedAreas.csproj", "{9FB878A4-AE03-4F58-ABE0-BE3F54537A3B}"
EndProject
Project("{FAE04EC0-301F-11D3-BF4B-00C04F79EFBC}") = "04. Cinema", "04. Cinema\04. Cinema.csproj", "{DEC590BA-813D-49EE-9F96-B7CBF21ADDE6}"
EndProject
Global
	GlobalSection(SolutionConfigurationPlatforms) = preSolution
		Debug|Any CPU = Debug|Any CPU
		Release|Any CPU = Release|Any CPU
	EndGlobalSection
	GlobalSection(ProjectConfigurationPlatforms) = postSolution
		{E5EB58F9-1912-401E-ACB4-4A6FBDF594B2}.Debug|Any CPU.ActiveCfg = Debug|Any CPU
		{E5EB58F9-1912-401E-ACB4-4A6FBDF594B2}.Debug|Any CPU.Build.0 = Debug|Any CPU
		{E5EB58F9-1912-401E-ACB4-4A6FBDF594B2}.Release|Any CPU.ActiveCfg = Release|Any CPU
		{E5EB58F9-1912-401E-ACB4-4A6FBDF594B2}.Release|Any CPU.Build.0 = Release|Any CPU
		{175AF575-2722-4F49-8F8A-A1100F32D3B4}.Debug|Any CPU.ActiveCfg = Debug|Any CPU
		{175AF575-2722-4F49-8F8A-A1100F32D3B4}.Debug|Any CPU.Build.0 = Debug|Any CPU
		{175AF575-2722-4F49-8F8A-A1100F32D3B4}.Release|Any CPU.ActiveCfg = Release|Any CPU
		{175AF575-2722-4F49-8F8A-A1100F32D3B4}.Release|Any CPU.Build.0 = Release|Any CPU
		{9FB878A4-AE03-4F58-ABE0-BE3F54537A3B}.Debug|Any CPU.ActiveCfg = Debug|Any CPU
		{9FB878A4-AE03-4F58-ABE0-BE3F54537A3B}.Debug|Any CPU.Build.0 = Debug|Any CPU
		{9FB878A4-AE03-4F58-ABE0-BE3F54537A3B}.Release|Any CPU.ActiveCfg = Release|Any CPU
		{9FB878A4-AE03-4F58-ABE0-BE3F54537A3B}.Release|Any CPU.Build.0 = Release|Any CPU
		{DEC590BA-813D-49EE-9F96-B7CBF21ADDE6}.Debug|Any CPU.ActiveCfg = Debug|Any CPU
		{DEC590BA-813D-49EE-9F96-B7CBF21ADDE6}.Debug|Any CPU.Build.0 = Debug|Any CPU
		{DEC590BA-813D-49EE-9F96-B7CBF21ADDE6}.Release|Any CPU.ActiveCfg = Release|Any CPU
		{DEC590BA-813D-49EE-9F96-B7CBF21ADDE6}.Release|Any CPU.Build.0 = Release|Any CPU
	EndGlobalSection
	GlobalSection(SolutionProperties) = preSolution
		HideSolutionNode = FALSE
	EndGlobalSection
	GlobalSection(ExtensibilityGlobals) = postSolution
		SolutionGuid = {87A6D5B9-9E0F-41AF-8D11-C96B6D4FC47D}
	EndGlobalSection
EndGlobal
